
Microsoft Visual Studio Solution File, Format Version 12.00
# Visual Studio Version 17
VisualStudioVersion = 17.10.34928.147
MinimumVisualStudioVersion = 10.0.40219.1
Project("{FAE04EC0-301F-11D3-BF4B-00C04F79EFBC}") = "GreenPlusERP", "GreenPlusERP\GreenPlusERP.csproj", "{7290D2FD-5E3F-459A-8FA0-47D4A651C1A0}"
EndProject
Global
	GlobalSection(SolutionConfigurationPlatforms) = preSolution
		Debug|Any CPU = Debug|Any CPU
		Release|Any CPU = Release|Any CPU
	EndGlobalSection
	GlobalSection(ProjectConfigurationPlatforms) = postSolution
		{7290D2FD-5E3F-459A-8FA0-47D4A651C1A0}.Debug|Any CPU.ActiveCfg = Debug|Any CPU
		{7290D2FD-5E3F-459A-8FA0-47D4A651C1A0}.Debug|Any CPU.Build.0 = Debug|Any CPU
		{7290D2FD-5E3F-459A-8FA0-47D4A651C1A0}.Release|Any CPU.ActiveCfg = Release|Any CPU
		{7290D2FD-5E3F-459A-8FA0-47D4A651C1A0}.Release|Any CPU.Build.0 = Release|Any CPU
	EndGlobalSection
	GlobalSection(SolutionProperties) = preSolution
		HideSolutionNode = FALSE
	EndGlobalSection
	GlobalSection(ExtensibilityGlobals) = postSolution
		SolutionGuid = {F4460F2A-1EA5-4C00-ABA7-3F5E17184642}
	EndGlobalSection
EndGlobal
